<Solution>
  <Configurations>
    <Platform Name="Any CPU" />
    <Platform Name="x64" />
    <Platform Name="x86" />
  </Configurations>
  <Project Path="HackerNews.Core/HackerNews.Core.csproj" />
  <Project Path="HackerNews.Maui/HackerNews.Maui.csproj" />
  <Project Path="HackerNews.Tests/HackerNews.Tests.csproj" />
</Solution>
