
Microsoft Visual Studio Solution File, Format Version 12.00
Project("{FAE04EC0-301F-11D3-BF4B-00C04F79EFBC}") = "HackerNews", "HackerNews.csproj", "{35AA6504-EA49-4C57-90BA-AF4DB5ABE28D}"
EndProject
Global
	GlobalSection(SolutionConfigurationPlatforms) = preSolution
		Debug|Any CPU = Debug|Any CPU
		Release|Any CPU = Release|Any CPU
	EndGlobalSection
	GlobalSection(ProjectConfigurationPlatforms) = postSolution
		{35AA6504-EA49-4C57-90BA-AF4DB5ABE28D}.Debug|Any CPU.ActiveCfg = Debug|Any CPU
		{35AA6504-EA49-4C57-90BA-AF4DB5ABE28D}.Debug|Any CPU.Build.0 = Debug|Any CPU
		{35AA6504-EA49-4C57-90BA-AF4DB5ABE28D}.Release|Any CPU.ActiveCfg = Release|Any CPU
		{35AA6504-EA49-4C57-90BA-AF4DB5ABE28D}.Release|Any CPU.Build.0 = Release|Any CPU
	EndGlobalSection
EndGlobal
